
Microsoft Visual Studio Solution File, Format Version 12.00
# Visual Studio Version 17
VisualStudioVersion = 17.11.35303.130
MinimumVisualStudioVersion = 10.0.40219.1
Project("{FAE04EC0-301F-11D3-BF4B-00C04F79EFBC}") = "docker_with_ci_cd", "docker_with_ci_cd.csproj", "{C53A480F-2E66-47C1-862D-632DBA036B11}"
EndProject
Global
	GlobalSection(SolutionConfigurationPlatforms) = preSolution
		Debug|Any CPU = Debug|Any CPU
		Release|Any CPU = Release|Any CPU
	EndGlobalSection
	GlobalSection(ProjectConfigurationPlatforms) = postSolution
		{C53A480F-2E66-47C1-862D-632DBA036B11}.Debug|Any CPU.ActiveCfg = Debug|Any CPU
		{C53A480F-2E66-47C1-862D-632DBA036B11}.Debug|Any CPU.Build.0 = Debug|Any CPU
		{C53A480F-2E66-47C1-862D-632DBA036B11}.Release|Any CPU.ActiveCfg = Release|Any CPU
		{C53A480F-2E66-47C1-862D-632DBA036B11}.Release|Any CPU.Build.0 = Release|Any CPU
	EndGlobalSection
	GlobalSection(SolutionProperties) = preSolution
		HideSolutionNode = FALSE
	EndGlobalSection
	GlobalSection(ExtensibilityGlobals) = postSolution
		SolutionGuid = {FB3C9A32-21DE-4A81-814D-A8AACD9C5657}
	EndGlobalSection
EndGlobal
